
Microsoft Visual Studio Solution File, Format Version 12.00
# Visual Studio Version 17
VisualStudioVersion = 17.1.32328.378
MinimumVisualStudioVersion = 10.0.40219.1
Project("{FAE04EC0-301F-11D3-BF4B-00C04F79EFBC}") = "IPVG", "IPVG\IPVG.csproj", "{B7638EFE-3F2D-41DF-B534-35AEBEF41E11}"
EndProject
Project("{FAE04EC0-301F-11D3-BF4B-00C04F79EFBC}") = "Consola", "Empleado\Consola.csproj", "{A55B92A7-6165-414B-9666-0CC24B4602DA}"
EndProject
Global
	GlobalSection(SolutionConfigurationPlatforms) = preSolution
		Debug|Any CPU = Debug|Any CPU
		Release|Any CPU = Release|Any CPU
	EndGlobalSection
	GlobalSection(ProjectConfigurationPlatforms) = postSolution
		{B7638EFE-3F2D-41DF-B534-35AEBEF41E11}.Debug|Any CPU.ActiveCfg = Debug|Any CPU
		{B7638EFE-3F2D-41DF-B534-35AEBEF41E11}.Debug|Any CPU.Build.0 = Debug|Any CPU
		{B7638EFE-3F2D-41DF-B534-35AEBEF41E11}.Release|Any CPU.ActiveCfg = Release|Any CPU
		{B7638EFE-3F2D-41DF-B534-35AEBEF41E11}.Release|Any CPU.Build.0 = Release|Any CPU
		{A55B92A7-6165-414B-9666-0CC24B4602DA}.Debug|Any CPU.ActiveCfg = Debug|Any CPU
		{A55B92A7-6165-414B-9666-0CC24B4602DA}.Debug|Any CPU.Build.0 = Debug|Any CPU
		{A55B92A7-6165-414B-9666-0CC24B4602DA}.Release|Any CPU.ActiveCfg = Release|Any CPU
		{A55B92A7-6165-414B-9666-0CC24B4602DA}.Release|Any CPU.Build.0 = Release|Any CPU
	EndGlobalSection
	GlobalSection(SolutionProperties) = preSolution
		HideSolutionNode = FALSE
	EndGlobalSection
	GlobalSection(ExtensibilityGlobals) = postSolution
		SolutionGuid = {3D8E0708-8D37-466F-906C-BBF6A9719825}
	EndGlobalSection
EndGlobal
